
Microsoft Visual Studio Solution File, Format Version 12.00
# Visual Studio Version 17
VisualStudioVersion = 17.5.33414.496
MinimumVisualStudioVersion = 10.0.40219.1
Project("{FAE04EC0-301F-11D3-BF4B-00C04F79EFBC}") = "Homework-Extensions", "Homework-Extensions\Homework-Extensions.csproj", "{403CD0B1-7D30-473D-8F9A-3E5FCA84C752}"
EndProject
Global
	GlobalSection(SolutionConfigurationPlatforms) = preSolution
		Debug|Any CPU = Debug|Any CPU
		Release|Any CPU = Release|Any CPU
	EndGlobalSection
	GlobalSection(ProjectConfigurationPlatforms) = postSolution
		{403CD0B1-7D30-473D-8F9A-3E5FCA84C752}.Debug|Any CPU.ActiveCfg = Debug|Any CPU
		{403CD0B1-7D30-473D-8F9A-3E5FCA84C752}.Debug|Any CPU.Build.0 = Debug|Any CPU
		{403CD0B1-7D30-473D-8F9A-3E5FCA84C752}.Release|Any CPU.ActiveCfg = Release|Any CPU
		{403CD0B1-7D30-473D-8F9A-3E5FCA84C752}.Release|Any CPU.Build.0 = Release|Any CPU
	EndGlobalSection
	GlobalSection(SolutionProperties) = preSolution
		HideSolutionNode = FALSE
	EndGlobalSection
	GlobalSection(ExtensibilityGlobals) = postSolution
		SolutionGuid = {7B432C98-B2CD-4AF3-9187-556F2BC0FA80}
	EndGlobalSection
EndGlobal
